
Microsoft Visual Studio Solution File, Format Version 12.00
# Visual Studio Version 17
VisualStudioVersion = 17.14.36429.23 d17.14
MinimumVisualStudioVersion = 10.0.40219.1
Project("{FAE04EC0-301F-11D3-BF4B-00C04F79EFBC}") = "Student -manager", "Student -manager\Student -manager.csproj", "{D77C59AA-07EA-41C1-8149-D0A52C640007}"
EndProject
Global
	GlobalSection(SolutionConfigurationPlatforms) = preSolution
		Debug|Any CPU = Debug|Any CPU
		Release|Any CPU = Release|Any CPU
	EndGlobalSection
	GlobalSection(ProjectConfigurationPlatforms) = postSolution
		{D77C59AA-07EA-41C1-8149-D0A52C640007}.Debug|Any CPU.ActiveCfg = Debug|Any CPU
		{D77C59AA-07EA-41C1-8149-D0A52C640007}.Debug|Any CPU.Build.0 = Debug|Any CPU
		{D77C59AA-07EA-41C1-8149-D0A52C640007}.Release|Any CPU.ActiveCfg = Release|Any CPU
		{D77C59AA-07EA-41C1-8149-D0A52C640007}.Release|Any CPU.Build.0 = Release|Any CPU
	EndGlobalSection
	GlobalSection(SolutionProperties) = preSolution
		HideSolutionNode = FALSE
	EndGlobalSection
	GlobalSection(ExtensibilityGlobals) = postSolution
		SolutionGuid = {CB40884F-B4D8-4A66-8219-736743DB27A8}
	EndGlobalSection
EndGlobal
